
Microsoft Visual Studio Solution File, Format Version 12.00
# Visual Studio 15
VisualStudioVersion = 15.0.27130.2036
MinimumVisualStudioVersion = 10.0.40219.1
Project("{FAE04EC0-301F-11D3-BF4B-00C04F79EFBC}") = "ckwebappdock", "ckwebappdock\ckwebappdock.csproj", "{B4F8FA53-2A53-4447-9730-38CF4C566C18}"
EndProject
Project("{E53339B2-1760-4266-BCC7-CA923CBCF16C}") = "docker-compose", "docker-compose.dcproj", "{CEB57D27-33AC-4356-AD89-320C67C7D563}"
EndProject
Global
	GlobalSection(SolutionConfigurationPlatforms) = preSolution
		Debug|Any CPU = Debug|Any CPU
		Release|Any CPU = Release|Any CPU
	EndGlobalSection
	GlobalSection(ProjectConfigurationPlatforms) = postSolution
		{B4F8FA53-2A53-4447-9730-38CF4C566C18}.Debug|Any CPU.ActiveCfg = Debug|Any CPU
		{B4F8FA53-2A53-4447-9730-38CF4C566C18}.Debug|Any CPU.Build.0 = Debug|Any CPU
		{B4F8FA53-2A53-4447-9730-38CF4C566C18}.Release|Any CPU.ActiveCfg = Release|Any CPU
		{B4F8FA53-2A53-4447-9730-38CF4C566C18}.Release|Any CPU.Build.0 = Release|Any CPU
		{CEB57D27-33AC-4356-AD89-320C67C7D563}.Debug|Any CPU.ActiveCfg = Debug|Any CPU
		{CEB57D27-33AC-4356-AD89-320C67C7D563}.Debug|Any CPU.Build.0 = Debug|Any CPU
		{CEB57D27-33AC-4356-AD89-320C67C7D563}.Release|Any CPU.ActiveCfg = Release|Any CPU
		{CEB57D27-33AC-4356-AD89-320C67C7D563}.Release|Any CPU.Build.0 = Release|Any CPU
	EndGlobalSection
	GlobalSection(SolutionProperties) = preSolution
		HideSolutionNode = FALSE
	EndGlobalSection
	GlobalSection(ExtensibilityGlobals) = postSolution
		SolutionGuid = {01478E7C-2C96-489A-AA84-74585BEE4F6A}
	EndGlobalSection
EndGlobal
